
Microsoft Visual Studio Solution File, Format Version 11.00
# Visual Studio 2010
Project("{FAE04EC0-301F-11D3-BF4B-00C04F79EFBC}") = "SteamVR", "SteamVR.csproj", "{9766bb99-0eb6-3d9b-19f5-fc17bf1ba63d}"
EndProject
Project("{FAE04EC0-301F-11D3-BF4B-00C04F79EFBC}") = "SteamVR_Actions", "SteamVR_Actions.csproj", "{772d6a71-c639-3fad-e328-49e7c62d2e0c}"
EndProject
Project("{FAE04EC0-301F-11D3-BF4B-00C04F79EFBC}") = "Assembly-CSharp", "Assembly-CSharp.csproj", "{25a4d88b-f66c-6f6f-17bd-e4ce3c151f08}"
EndProject
Project("{FAE04EC0-301F-11D3-BF4B-00C04F79EFBC}") = "SteamVR_Input_Editor", "SteamVR_Input_Editor.csproj", "{2f1217f4-7b98-dbbe-45a0-d2df4ecd8231}"
EndProject
Project("{FAE04EC0-301F-11D3-BF4B-00C04F79EFBC}") = "SteamVR_Editor", "SteamVR_Editor.csproj", "{17bb3acb-442a-c8bf-d819-98de7950b37e}"
EndProject
Project("{FAE04EC0-301F-11D3-BF4B-00C04F79EFBC}") = "SteamVR_Windows_EditorHelper", "SteamVR_Windows_EditorHelper.csproj", "{b97e6c05-6612-faaf-a3d2-85474312b604}"
EndProject
Global
	GlobalSection(SolutionConfigurationPlatforms) = preSolution
		Debug|Any CPU = Debug|Any CPU
	EndGlobalSection
	GlobalSection(ProjectConfigurationPlatforms) = postSolution
		{9766bb99-0eb6-3d9b-19f5-fc17bf1ba63d}.Debug|Any CPU.ActiveCfg = Debug|Any CPU
		{9766bb99-0eb6-3d9b-19f5-fc17bf1ba63d}.Debug|Any CPU.Build.0 = Debug|Any CPU
		{772d6a71-c639-3fad-e328-49e7c62d2e0c}.Debug|Any CPU.ActiveCfg = Debug|Any CPU
		{772d6a71-c639-3fad-e328-49e7c62d2e0c}.Debug|Any CPU.Build.0 = Debug|Any CPU
		{25a4d88b-f66c-6f6f-17bd-e4ce3c151f08}.Debug|Any CPU.ActiveCfg = Debug|Any CPU
		{25a4d88b-f66c-6f6f-17bd-e4ce3c151f08}.Debug|Any CPU.Build.0 = Debug|Any CPU
		{2f1217f4-7b98-dbbe-45a0-d2df4ecd8231}.Debug|Any CPU.ActiveCfg = Debug|Any CPU
		{2f1217f4-7b98-dbbe-45a0-d2df4ecd8231}.Debug|Any CPU.Build.0 = Debug|Any CPU
		{17bb3acb-442a-c8bf-d819-98de7950b37e}.Debug|Any CPU.ActiveCfg = Debug|Any CPU
		{17bb3acb-442a-c8bf-d819-98de7950b37e}.Debug|Any CPU.Build.0 = Debug|Any CPU
		{b97e6c05-6612-faaf-a3d2-85474312b604}.Debug|Any CPU.ActiveCfg = Debug|Any CPU
		{b97e6c05-6612-faaf-a3d2-85474312b604}.Debug|Any CPU.Build.0 = Debug|Any CPU
	EndGlobalSection
	GlobalSection(SolutionProperties) = preSolution
		HideSolutionNode = FALSE
	EndGlobalSection
EndGlobal
